{
  "object": {
    "pins": [
      {
        "package": "Socket",
        "repositoryURL": "https://github.com/IBM-Swift/BlueSocket.git",
        "state": {
          "branch": null,
          "revision": "ce36f72f2c36b88f847de50c8c0ed8021ff80097",
          "version": "1.0.16"
        }
      },
      {
        "package": "SwiftyBeaver",
        "repositoryURL": "https://github.com/SwiftyBeaver/SwiftyBeaver.git",
        "state": {
          "branch": null,
          "revision": "725e6c355d3b0f6f623162029c0bb88630c10a20",
          "version": "1.6.0"
        }
      }
    ]
  },
  "version": 1
}
